
Microsoft Visual Studio Solution File, Format Version 12.00
# Visual Studio Version 17
VisualStudioVersion = 17.11.35222.181
MinimumVisualStudioVersion = 10.0.40219.1
Project("{9A19103F-16F7-4668-BE54-9A1E7A4F7556}") = "BookStore.API", "BookStore.API\BookStore.API.csproj", "{CDF37B42-07B8-4EFD-A6CF-9D51899F1BBB}"
EndProject
Project("{9A19103F-16F7-4668-BE54-9A1E7A4F7556}") = "BookStore.Entities", "BookStore.Entities\BookStore.Entities.csproj", "{C8CAA7AF-5940-49B0-8CB6-2F64D03A7B8B}"
EndProject
Project("{9A19103F-16F7-4668-BE54-9A1E7A4F7556}") = "BookStore.Repositories", "BookStore.Repositories\BookStore.Repositories.csproj", "{CCB9CBD8-A036-4A5B-96DB-DD28AF5FBFE3}"
EndProject
Project("{FAE04EC0-301F-11D3-BF4B-00C04F79EFBC}") = "BookStore.Services", "BookStore.Services\BookStore.Services.csproj", "{C3C9D26C-010C-4E44-8FD0-2C72A4F64C83}"
EndProject
Project("{FAE04EC0-301F-11D3-BF4B-00C04F79EFBC}") = "BookStore.Presentation", "BookStore.Presentation\BookStore.Presentation.csproj", "{028BC8B6-CB4E-4965-94EF-68DC17FDA012}"
EndProject
Global
	GlobalSection(SolutionConfigurationPlatforms) = preSolution
		Debug|Any CPU = Debug|Any CPU
		Release|Any CPU = Release|Any CPU
	EndGlobalSection
	GlobalSection(ProjectConfigurationPlatforms) = postSolution
		{CDF37B42-07B8-4EFD-A6CF-9D51899F1BBB}.Debug|Any CPU.ActiveCfg = Debug|Any CPU
		{CDF37B42-07B8-4EFD-A6CF-9D51899F1BBB}.Debug|Any CPU.Build.0 = Debug|Any CPU
		{CDF37B42-07B8-4EFD-A6CF-9D51899F1BBB}.Release|Any CPU.ActiveCfg = Release|Any CPU
		{CDF37B42-07B8-4EFD-A6CF-9D51899F1BBB}.Release|Any CPU.Build.0 = Release|Any CPU
		{C8CAA7AF-5940-49B0-8CB6-2F64D03A7B8B}.Debug|Any CPU.ActiveCfg = Debug|Any CPU
		{C8CAA7AF-5940-49B0-8CB6-2F64D03A7B8B}.Debug|Any CPU.Build.0 = Debug|Any CPU
		{C8CAA7AF-5940-49B0-8CB6-2F64D03A7B8B}.Release|Any CPU.ActiveCfg = Release|Any CPU
		{C8CAA7AF-5940-49B0-8CB6-2F64D03A7B8B}.Release|Any CPU.Build.0 = Release|Any CPU
		{CCB9CBD8-A036-4A5B-96DB-DD28AF5FBFE3}.Debug|Any CPU.ActiveCfg = Debug|Any CPU
		{CCB9CBD8-A036-4A5B-96DB-DD28AF5FBFE3}.Debug|Any CPU.Build.0 = Debug|Any CPU
		{CCB9CBD8-A036-4A5B-96DB-DD28AF5FBFE3}.Release|Any CPU.ActiveCfg = Release|Any CPU
		{CCB9CBD8-A036-4A5B-96DB-DD28AF5FBFE3}.Release|Any CPU.Build.0 = Release|Any CPU
		{C3C9D26C-010C-4E44-8FD0-2C72A4F64C83}.Debug|Any CPU.ActiveCfg = Debug|Any CPU
		{C3C9D26C-010C-4E44-8FD0-2C72A4F64C83}.Debug|Any CPU.Build.0 = Debug|Any CPU
		{C3C9D26C-010C-4E44-8FD0-2C72A4F64C83}.Release|Any CPU.ActiveCfg = Release|Any CPU
		{C3C9D26C-010C-4E44-8FD0-2C72A4F64C83}.Release|Any CPU.Build.0 = Release|Any CPU
		{028BC8B6-CB4E-4965-94EF-68DC17FDA012}.Debug|Any CPU.ActiveCfg = Debug|Any CPU
		{028BC8B6-CB4E-4965-94EF-68DC17FDA012}.Debug|Any CPU.Build.0 = Debug|Any CPU
		{028BC8B6-CB4E-4965-94EF-68DC17FDA012}.Release|Any CPU.ActiveCfg = Release|Any CPU
		{028BC8B6-CB4E-4965-94EF-68DC17FDA012}.Release|Any CPU.Build.0 = Release|Any CPU
	EndGlobalSection
	GlobalSection(SolutionProperties) = preSolution
		HideSolutionNode = FALSE
	EndGlobalSection
	GlobalSection(ExtensibilityGlobals) = postSolution
		SolutionGuid = {342CF83D-A700-41BD-87D8-D040A894BDDF}
	EndGlobalSection
EndGlobal
